
Microsoft Visual Studio Solution File, Format Version 12.00
# Visual Studio Version 16
VisualStudioVersion = 16.0.810.5
MinimumVisualStudioVersion = 10.0.40219.1
Project("{FAE04EC0-301F-11D3-BF4B-00C04F79EFBC}") = "UserRegLambda", "UserRegLambda\UserRegLambda.csproj", "{73F0659B-370F-48B0-8B3B-25A705661372}"
EndProject
Global
	GlobalSection(SolutionConfigurationPlatforms) = preSolution
		Debug|Any CPU = Debug|Any CPU
		Release|Any CPU = Release|Any CPU
	EndGlobalSection
	GlobalSection(ProjectConfigurationPlatforms) = postSolution
		{73F0659B-370F-48B0-8B3B-25A705661372}.Debug|Any CPU.ActiveCfg = Debug|Any CPU
		{73F0659B-370F-48B0-8B3B-25A705661372}.Debug|Any CPU.Build.0 = Debug|Any CPU
		{73F0659B-370F-48B0-8B3B-25A705661372}.Release|Any CPU.ActiveCfg = Release|Any CPU
		{73F0659B-370F-48B0-8B3B-25A705661372}.Release|Any CPU.Build.0 = Release|Any CPU
	EndGlobalSection
	GlobalSection(SolutionProperties) = preSolution
		HideSolutionNode = FALSE
	EndGlobalSection
	GlobalSection(ExtensibilityGlobals) = postSolution
		SolutionGuid = {1180207A-2F49-4F14-8930-AB566C6A6FB3}
	EndGlobalSection
EndGlobal
